
Microsoft Visual Studio Solution File, Format Version 12.00
# Visual Studio Version 16
VisualStudioVersion = 16.0.30114.105
MinimumVisualStudioVersion = 10.0.40219.1
Project("{FAE04EC0-301F-11D3-BF4B-00C04F79EFBC}") = "Plunger", "Plunger\Plunger.csproj", "{68371DB9-0383-4F10-A3EE-2E54E62F6451}"
EndProject
Project("{FAE04EC0-301F-11D3-BF4B-00C04F79EFBC}") = "Plunger.Data", "Plunger.Data\Plunger.Data.csproj", "{51072164-3A0C-444D-9600-94E6D4F6DAC4}"
EndProject
Global
	GlobalSection(SolutionConfigurationPlatforms) = preSolution
		Debug|Any CPU = Debug|Any CPU
		Release|Any CPU = Release|Any CPU
	EndGlobalSection
	GlobalSection(SolutionProperties) = preSolution
		HideSolutionNode = FALSE
	EndGlobalSection
	GlobalSection(ProjectConfigurationPlatforms) = postSolution
		{68371DB9-0383-4F10-A3EE-2E54E62F6451}.Debug|Any CPU.ActiveCfg = Debug|Any CPU
		{68371DB9-0383-4F10-A3EE-2E54E62F6451}.Debug|Any CPU.Build.0 = Debug|Any CPU
		{68371DB9-0383-4F10-A3EE-2E54E62F6451}.Release|Any CPU.ActiveCfg = Release|Any CPU
		{68371DB9-0383-4F10-A3EE-2E54E62F6451}.Release|Any CPU.Build.0 = Release|Any CPU
		{51072164-3A0C-444D-9600-94E6D4F6DAC4}.Debug|Any CPU.ActiveCfg = Debug|Any CPU
		{51072164-3A0C-444D-9600-94E6D4F6DAC4}.Debug|Any CPU.Build.0 = Debug|Any CPU
		{51072164-3A0C-444D-9600-94E6D4F6DAC4}.Release|Any CPU.ActiveCfg = Release|Any CPU
		{51072164-3A0C-444D-9600-94E6D4F6DAC4}.Release|Any CPU.Build.0 = Release|Any CPU
	EndGlobalSection
EndGlobal
